<?xml version="1.0" encoding="utf-8"?>
<Project ToolsVersion="4.0" xmlns="http://schemas.microsoft.com/developer/msbuild/2003">
  <ItemGroup>
    <Filter Include="Source Files">
      <UniqueIdentifier>{4FC737F1-C7A5-4376-A066-2A32D752A2FF}</UniqueIdentifier>
      <Extensions>cpp;c;cc;cxx;c++;cppm;ixx;def;odl;idl;hpj;bat;asm;asmx</Extensions>
    </Filter>
    <Filter Include="Header Files">
      <UniqueIdentifier>{93995380-89BD-4b04-88EB-625FBE52EBFB}</UniqueIdentifier>
      <Extensions>h;hh;hpp;hxx;h++;hm;inl;inc;ipp;xsd</Extensions>
    </Filter>
    <Filter Include="Resource">
      <UniqueIdentifier>{8ec26683-1f11-4f9f-a257-a975e455d9f3}</UniqueIdentifier>
    </Filter>
    <Filter Include="Resource\Mesh">
      <UniqueIdentifier>{f9f9ac78-8255-4bfe-a91a-11fbb7ee915a}</UniqueIdentifier>
    </Filter>
    <Filter Include="Resource\Texture">
      <UniqueIdentifier>{7c6a1fc5-8492-4703-9979-e9e7af7b9f50}</UniqueIdentifier>
    </Filter>
    <Filter Include="Scene">
      <UniqueIdentifier>{edc00468-205b-4df0-903f-d5a189d31598}</UniqueIdentifier>
    </Filter>
    <Filter Include="Resource\Normal">
      <UniqueIdentifier>{5e54c69d-ea83-42da-9ce5-924bee7376ff}</UniqueIdentifier>
    </Filter>
    <Filter Include="Resource\Sound">
      <UniqueIdentifier>{17fa9dbc-6f7a-4745-95b6-84114aa6dedc}</UniqueIdentifier>
    </Filter>
    <Filter Include="Resource\Scene">
      <UniqueIdentifier>{1dbb809b-8ffa-49c9-adb8-c43a4dbb7f37}</UniqueIdentifier>
    </Filter>
    <Filter Include="Resource\Model">
      <UniqueIdentifier>{1d546260-c8f3-4fc2-a810-1e9ffb232909}</UniqueIdentifier>
    </Filter>
    <Filter Include="Script">
      <UniqueIdentifier>{480a1e2a-0c63-47eb-990b-f117e6da8d83}</UniqueIdentifier>
    </Filter>
    <Filter Include="Resource\ComputeShader">
      <UniqueIdentifier>{6e2bf49d-5f8d-4a30-a03d-176c473b9744}</UniqueIdentifier>
    </Filter>
    <Filter Include="Resource\ComputeShader\ParticleCompute">
      <UniqueIdentifier>{1cb6e23b-a956-4c5f-a930-63eef1351553}</UniqueIdentifier>
    </Filter>
    <Filter Include="Resource\ComputeShader\GrassCompute">
      <UniqueIdentifier>{def4098a-11b2-4a38-9759-26ba3e834c7b}</UniqueIdentifier>
    </Filter>
    <Filter Include="Script\HitboxScript">
      <UniqueIdentifier>{6affa97b-3e7b-42a8-8946-d7a033781beb}</UniqueIdentifier>
    </Filter>
    <Filter Include="Script\HpTextScript">
      <UniqueIdentifier>{53f78c5a-199a-48d0-971a-dc663b3bebcd}</UniqueIdentifier>
    </Filter>
    <Filter Include="Script\PlayerScript">
      <UniqueIdentifier>{931117ce-5039-43ba-b329-7343e4f8fc65}</UniqueIdentifier>
    </Filter>
    <Filter Include="Script\ShadowIntersectionScript">
      <UniqueIdentifier>{58a8756a-f731-4787-860f-e97c27f481db}</UniqueIdentifier>
    </Filter>
  </ItemGroup>
  <ItemGroup>
    <ClInclude Include="framework.h">
      <Filter>Header Files</Filter>
    </ClInclude>
    <ClInclude Include="pch.h">
      <Filter>Header Files</Filter>
    </ClInclude>
    <ClInclude Include="Client.h">
      <Filter>Source Files</Filter>
    </ClInclude>
    <ClInclude Include="clTriangleMesh.hpp">
      <Filter>Resource\Mesh</Filter>
    </ClInclude>
    <ClInclude Include="clParticleCompute.h">
      <Filter>Resource\ComputeShader\ParticleCompute</Filter>
    </ClInclude>
    <ClInclude Include="clHitboxScript.hpp">
      <Filter>Script\HitboxScript</Filter>
    </ClInclude>
    <ClInclude Include="clHpTextScript.h">
      <Filter>Script\HpTextScript</Filter>
    </ClInclude>
    <ClInclude Include="clPlayerScript.h">
      <Filter>Script\PlayerScript</Filter>
    </ClInclude>
    <ClInclude Include="clShadowIntersectionScript.h">
      <Filter>Script\ShadowIntersectionScript</Filter>
    </ClInclude>
  </ItemGroup>
  <ItemGroup>
    <ClCompile Include="Client.cpp">
      <Filter>Source Files</Filter>
    </ClCompile>
    <ClCompile Include="pch.cpp">
      <Filter>Source Files</Filter>
    </ClCompile>
    <ClCompile Include="clParticleCompute.cpp">
      <Filter>Resource\ComputeShader\ParticleCompute</Filter>
    </ClCompile>
    <ClCompile Include="clHitboxScript.cpp">
      <Filter>Script\HitboxScript</Filter>
    </ClCompile>
    <ClCompile Include="clHpTextScript.cpp">
      <Filter>Script\HpTextScript</Filter>
    </ClCompile>
    <ClCompile Include="clPlayerScript.cpp">
      <Filter>Script\PlayerScript</Filter>
    </ClCompile>
    <ClCompile Include="clShadowIntersectionScript.cpp">
      <Filter>Script\ShadowIntersectionScript</Filter>
    </ClCompile>
  </ItemGroup>
  <ItemGroup>
    <None Include="packages.config" />
  </ItemGroup>
  <ItemGroup>
    <CopyFileToFolders Include="testscene.txt">
      <Filter>Resource\Scene</Filter>
    </CopyFileToFolders>
    <CopyFileToFolders Include="player.obj">
      <Filter>Resource\Model</Filter>
    </CopyFileToFolders>
    <CopyFileToFolders Include="bob_lamp_update_export.fbx">
      <Filter>Resource\Model</Filter>
    </CopyFileToFolders>
    <CopyFileToFolders Include="Character.fbx">
      <Filter>Resource\Model</Filter>
    </CopyFileToFolders>
    <CopyFileToFolders Include="Rifle.fbx">
      <Filter>Resource\Model</Filter>
    </CopyFileToFolders>
    <CopyFileToFolders Include="..\Engine\cs_particle.hlsl">
      <Filter>Resource\ComputeShader\ParticleCompute</Filter>
    </CopyFileToFolders>
    <CopyFileToFolders Include="Rocket.fbx">
      <Filter>Resource\Model</Filter>
    </CopyFileToFolders>
  </ItemGroup>
  <ItemGroup>
    <Media Include="crowded-avenue-people-talking-vendors-shouting-musicians-playing.mp3">
      <Filter>Resource\Sound</Filter>
    </Media>
  </ItemGroup>
  <ItemGroup>
    <ImageContentTask Include="Texture-Normal.png">
      <Filter>Resource\Normal</Filter>
    </ImageContentTask>
    <ImageContentTask Include="Water-Normal.png">
      <Filter>Resource\Normal</Filter>
    </ImageContentTask>
    <ImageContentTask Include="Sky.jpg">
      <Filter>Resource\Texture</Filter>
    </ImageContentTask>
    <ImageContentTask Include="Texture.png">
      <Filter>Resource\Texture</Filter>
    </ImageContentTask>
    <ImageContentTask Include="ThunderCat.jpg">
      <Filter>Resource\Texture</Filter>
    </ImageContentTask>
    <ImageContentTask Include="noise0.png">
      <Filter>Resource\Texture</Filter>
    </ImageContentTask>
    <ImageContentTask Include="noise1.png">
      <Filter>Resource\Texture</Filter>
    </ImageContentTask>
    <ImageContentTask Include="noise2.png">
      <Filter>Resource\Texture</Filter>
    </ImageContentTask>
  </ItemGroup>
</Project>