<?xml version="1.0" encoding="utf-8"?>
<Project ToolsVersion="4.0" xmlns="http://schemas.microsoft.com/developer/msbuild/2003">
  <ItemGroup>
    <Filter Include="Resource Files">
      <UniqueIdentifier>{67DA6AB6-F800-4c08-8B7A-83BB121AAD01}</UniqueIdentifier>
      <Extensions>rc;ico;cur;bmp;dlg;rc2;rct;bin;rgs;gif;jpg;jpeg;jpe;resx;tiff;tif;png;wav;mfcribbon-ms</Extensions>
    </Filter>
    <Filter Include="Low-level">
      <UniqueIdentifier>{0d869fbc-e6b1-4abc-a44d-7e7424318d7f}</UniqueIdentifier>
    </Filter>
    <Filter Include="Abstract">
      <UniqueIdentifier>{ee6b8ed6-3103-45ae-90c4-0b6aece09279}</UniqueIdentifier>
    </Filter>
    <Filter Include="Component">
      <UniqueIdentifier>{738eaf93-14fb-42d1-95d8-2fa14b0ee474}</UniqueIdentifier>
    </Filter>
    <Filter Include="Object">
      <UniqueIdentifier>{1b658a79-7504-48f0-9286-d5ab9fbc195f}</UniqueIdentifier>
    </Filter>
    <Filter Include="Resource">
      <UniqueIdentifier>{5de112d7-ea49-4bdf-807e-cf05f2b180ec}</UniqueIdentifier>
    </Filter>
    <Filter Include="Common">
      <UniqueIdentifier>{2a1a57a7-cb69-4a5e-91ca-b592e3bdd8f2}</UniqueIdentifier>
    </Filter>
    <Filter Include="Singleton">
      <UniqueIdentifier>{2919f7ab-a0cb-4d02-af65-02d0dc35dc2d}</UniqueIdentifier>
    </Filter>
    <Filter Include="Singleton\Internal">
      <UniqueIdentifier>{ab92eb7c-bda8-4afb-8694-517c2da2267c}</UniqueIdentifier>
    </Filter>
    <Filter Include="Singleton\Graphics">
      <UniqueIdentifier>{d9353498-ccbd-4680-9920-5c2d0fe19bcb}</UniqueIdentifier>
    </Filter>
    <Filter Include="Physics">
      <UniqueIdentifier>{3fd363a3-2336-44b5-b71c-8dacd0ec5a8e}</UniqueIdentifier>
    </Filter>
    <Filter Include="Mesh">
      <UniqueIdentifier>{258c4e9f-9245-457a-b6dc-021cb9bee28b}</UniqueIdentifier>
    </Filter>
    <Filter Include="Singleton\Internal\Physics">
      <UniqueIdentifier>{df398994-8d8a-48d8-9503-f76c72f44593}</UniqueIdentifier>
    </Filter>
    <Filter Include="Resource Files\Shadow">
      <UniqueIdentifier>{0a8cbefb-c0be-41f9-8fd4-1d8f83695f5d}</UniqueIdentifier>
    </Filter>
    <Filter Include="Resource Files\Shadow\stage1">
      <UniqueIdentifier>{03cea989-7022-4e17-bd74-9aa51d34711d}</UniqueIdentifier>
    </Filter>
    <Filter Include="Base">
      <UniqueIdentifier>{61714c34-6fc6-4b57-9c19-aa7e0b141f27}</UniqueIdentifier>
    </Filter>
    <Filter Include="Abstract\Actor">
      <UniqueIdentifier>{683b0a0d-357b-4fa6-9947-b3920a532e02}</UniqueIdentifier>
    </Filter>
    <Filter Include="Abstract\Entity">
      <UniqueIdentifier>{1465e6ae-12fb-4824-a691-9d01c91bb851}</UniqueIdentifier>
    </Filter>
    <Filter Include="Abstract\Renderable">
      <UniqueIdentifier>{e12e4132-5563-4657-bca9-895f46f9a7ea}</UniqueIdentifier>
    </Filter>
    <Filter Include="Component\Collider">
      <UniqueIdentifier>{2b1d4e51-d24a-4788-afc8-f242179e5aa0}</UniqueIdentifier>
    </Filter>
    <Filter Include="Component\StateController">
      <UniqueIdentifier>{5dbd9091-25cd-4b99-a9ad-cd3387d13a6f}</UniqueIdentifier>
    </Filter>
    <Filter Include="Component\OberserverController">
      <UniqueIdentifier>{cc20c0a2-4ff3-401a-a24f-651fdcd7d095}</UniqueIdentifier>
    </Filter>
    <Filter Include="Component\Rigidbody">
      <UniqueIdentifier>{cc290fb0-3e92-470d-b002-4c81b407ed2a}</UniqueIdentifier>
    </Filter>
    <Filter Include="Component\Transform">
      <UniqueIdentifier>{16a947c7-da29-4f31-91fc-730dcaad5ff0}</UniqueIdentifier>
    </Filter>
    <Filter Include="Mesh\CubeMesh">
      <UniqueIdentifier>{9fdf5b47-8eae-44f2-b816-9bce03afe4f4}</UniqueIdentifier>
    </Filter>
    <Filter Include="Mesh\SphereMesh">
      <UniqueIdentifier>{df9fd6c9-4f1f-41b7-a7bb-7d4f7c8a6e39}</UniqueIdentifier>
    </Filter>
    <Filter Include="Base\Component">
      <UniqueIdentifier>{43156ce7-7a26-479e-adb3-f33cd6dcbc47}</UniqueIdentifier>
    </Filter>
    <Filter Include="Base\Layer">
      <UniqueIdentifier>{b1c4ed82-4ace-4949-8399-7fceb64293a4}</UniqueIdentifier>
    </Filter>
    <Filter Include="Base\Object">
      <UniqueIdentifier>{d490737a-7dc1-4dff-b8f6-11c0a535ee7c}</UniqueIdentifier>
    </Filter>
    <Filter Include="Base\Resource">
      <UniqueIdentifier>{b3333d7b-b710-4704-bbca-49dea14d86ac}</UniqueIdentifier>
    </Filter>
    <Filter Include="Base\Scene">
      <UniqueIdentifier>{66767e6a-0b0b-4915-b86d-252d283751d0}</UniqueIdentifier>
    </Filter>
  </ItemGroup>
  <ItemGroup>
    <ClInclude Include="framework.h" />
    <ClInclude Include="pch.hpp" />
    <ClInclude Include="egManager.hpp">
      <Filter>Abstract</Filter>
    </ClInclude>
    <ClInclude Include="egCamera.hpp">
      <Filter>Object</Filter>
    </ClInclude>
    <ClInclude Include="egMesh.hpp">
      <Filter>Resource</Filter>
    </ClInclude>
    <ClInclude Include="egTexture.hpp">
      <Filter>Resource</Filter>
    </ClInclude>
    <ClInclude Include="StepTimer.hpp" />
    <ClInclude Include="egLight.hpp">
      <Filter>Object</Filter>
    </ClInclude>
    <ClInclude Include="egCommon.hpp">
      <Filter>Common</Filter>
    </ClInclude>
    <ClInclude Include="egHelper.hpp">
      <Filter>Common</Filter>
    </ClInclude>
    <ClInclude Include="egFont.hpp">
      <Filter>Resource</Filter>
    </ClInclude>
    <ClInclude Include="egNormalMap.hpp">
      <Filter>Resource</Filter>
    </ClInclude>
    <ClInclude Include="egText.hpp">
      <Filter>Object</Filter>
    </ClInclude>
    <ClInclude Include="egApplication.hpp">
      <Filter>Singleton</Filter>
    </ClInclude>
    <ClInclude Include="egResourceManager.hpp">
      <Filter>Singleton\Internal</Filter>
    </ClInclude>
    <ClInclude Include="egSceneManager.hpp">
      <Filter>Singleton\Internal</Filter>
    </ClInclude>
    <ClInclude Include="egRenderPipeline.hpp">
      <Filter>Singleton\Graphics</Filter>
    </ClInclude>
    <ClInclude Include="egD3Device.hpp">
      <Filter>Singleton\Graphics</Filter>
    </ClInclude>
    <ClInclude Include="egDXCommon.h">
      <Filter>Common</Filter>
    </ClInclude>
    <ClInclude Include="egManagerHelper.hpp">
      <Filter>Singleton</Filter>
    </ClInclude>
    <ClInclude Include="egPhysics.h">
      <Filter>Physics</Filter>
    </ClInclude>
    <ClInclude Include="egCollision.h">
      <Filter>Physics</Filter>
    </ClInclude>
    <ClInclude Include="egElastic.h">
      <Filter>Physics</Filter>
    </ClInclude>
    <ClInclude Include="egKinetic.h">
      <Filter>Physics</Filter>
    </ClInclude>
    <ClInclude Include="egFriction.h">
      <Filter>Physics</Filter>
    </ClInclude>
    <ClInclude Include="egToolkitAPI.hpp">
      <Filter>Singleton\Graphics</Filter>
    </ClInclude>
    <ClInclude Include="egType.hpp">
      <Filter>Common</Filter>
    </ClInclude>
    <ClInclude Include="egTaskScheduler.hpp">
      <Filter>Singleton\Internal</Filter>
    </ClInclude>
    <ClInclude Include="egDebugger.hpp">
      <Filter>Singleton\Internal</Filter>
    </ClInclude>
    <ClInclude Include="egSound.hpp">
      <Filter>Resource</Filter>
    </ClInclude>
    <ClInclude Include="egSerialization.hpp">
      <Filter>Common</Filter>
    </ClInclude>
    <ClInclude Include="egProjectionFrustum.hpp">
      <Filter>Singleton\Graphics</Filter>
    </ClInclude>
    <ClInclude Include="DebugDraw.h">
      <Filter>Low-level</Filter>
    </ClInclude>
    <ClInclude Include="egCollisionDetector.hpp">
      <Filter>Singleton\Internal\Physics</Filter>
    </ClInclude>
    <ClInclude Include="egConstraintSolver.hpp">
      <Filter>Singleton\Internal\Physics</Filter>
    </ClInclude>
    <ClInclude Include="egPhysicsManager.hpp">
      <Filter>Singleton\Internal\Physics</Filter>
    </ClInclude>
    <ClInclude Include="egLerpManager.hpp">
      <Filter>Singleton\Internal\Physics</Filter>
    </ClInclude>
    <ClInclude Include="egMouseManager.hpp">
      <Filter>Singleton\Internal</Filter>
    </ClInclude>
    <ClInclude Include="egObserver.hpp">
      <Filter>Object</Filter>
    </ClInclude>
    <ClInclude Include="egIShader.hpp">
      <Filter>Low-level</Filter>
    </ClInclude>
    <ClInclude Include="egShadowManager.hpp">
      <Filter>Singleton\Graphics</Filter>
    </ClInclude>
    <ClInclude Include="egShader.hpp">
      <Filter>Resource</Filter>
    </ClInclude>
    <ClInclude Include="egVertexShaderInternal.hpp">
      <Filter>Resource</Filter>
    </ClInclude>
    <ClInclude Include="egActor.hpp">
      <Filter>Abstract\Actor</Filter>
    </ClInclude>
    <ClInclude Include="egEntity.hpp">
      <Filter>Abstract\Entity</Filter>
    </ClInclude>
    <ClInclude Include="egRenderable.hpp">
      <Filter>Abstract\Renderable</Filter>
    </ClInclude>
    <ClInclude Include="egCollider.hpp">
      <Filter>Component\Collider</Filter>
    </ClInclude>
    <ClInclude Include="egIStateController.hpp">
      <Filter>Component\StateController</Filter>
    </ClInclude>
    <ClInclude Include="egStateController.hpp">
      <Filter>Component\StateController</Filter>
    </ClInclude>
    <ClInclude Include="egObserverController.hpp">
      <Filter>Component\OberserverController</Filter>
    </ClInclude>
    <ClInclude Include="egRigidbody.hpp">
      <Filter>Component\Rigidbody</Filter>
    </ClInclude>
    <ClInclude Include="egTransform.hpp">
      <Filter>Component\Transform</Filter>
    </ClInclude>
    <ClInclude Include="egCubeMesh.hpp">
      <Filter>Mesh\CubeMesh</Filter>
    </ClInclude>
    <ClInclude Include="egSphereMesh.hpp">
      <Filter>Mesh\SphereMesh</Filter>
    </ClInclude>
    <ClInclude Include="egComponent.hpp">
      <Filter>Base\Component</Filter>
    </ClInclude>
    <ClInclude Include="egLayer.hpp">
      <Filter>Base\Layer</Filter>
    </ClInclude>
    <ClInclude Include="egObject.hpp">
      <Filter>Base\Object</Filter>
    </ClInclude>
    <ClInclude Include="egResource.hpp">
      <Filter>Base\Resource</Filter>
    </ClInclude>
    <ClInclude Include="egScene.hpp">
      <Filter>Base\Scene</Filter>
    </ClInclude>
    <ClInclude Include="egWater.hpp">
      <Filter>Object</Filter>
    </ClInclude>
  </ItemGroup>
  <ItemGroup>
    <None Include="packages.config" />
    <None Include="cpp.hint" />
  </ItemGroup>
  <ItemGroup>
    <ClCompile Include="egCamera.cpp">
      <Filter>Object</Filter>
    </ClCompile>
    <ClCompile Include="egMesh.cpp">
      <Filter>Resource</Filter>
    </ClCompile>
    <ClCompile Include="egApplication.cpp">
      <Filter>Singleton</Filter>
    </ClCompile>
    <ClCompile Include="egD3Device.cpp">
      <Filter>Singleton\Graphics</Filter>
    </ClCompile>
    <ClCompile Include="egRenderPipeline.cpp">
      <Filter>Singleton\Graphics</Filter>
    </ClCompile>
    <ClCompile Include="egFont.cpp">
      <Filter>Resource</Filter>
    </ClCompile>
    <ClCompile Include="egKinetic.cpp">
      <Filter>Physics</Filter>
    </ClCompile>
    <ClCompile Include="egElastic.cpp">
      <Filter>Physics</Filter>
    </ClCompile>
    <ClCompile Include="egFriction.cpp">
      <Filter>Physics</Filter>
    </ClCompile>
    <ClCompile Include="egGravity.cpp">
      <Filter>Physics</Filter>
    </ClCompile>
    <ClCompile Include="egCollision.cpp">
      <Filter>Physics</Filter>
    </ClCompile>
    <ClCompile Include="egCommon.cpp">
      <Filter>Common</Filter>
    </ClCompile>
    <ClCompile Include="egProjectionFrustum.cpp">
      <Filter>Singleton\Graphics</Filter>
    </ClCompile>
    <ClCompile Include="DebugDraw.cpp">
      <Filter>Low-level</Filter>
    </ClCompile>
    <ClCompile Include="egToolkitAPI.cpp">
      <Filter>Singleton\Graphics</Filter>
    </ClCompile>
    <ClCompile Include="egDebugger.cpp">
      <Filter>Singleton\Internal</Filter>
    </ClCompile>
    <ClCompile Include="egCollisionDetector.cpp">
      <Filter>Singleton\Internal\Physics</Filter>
    </ClCompile>
    <ClCompile Include="egConstraintSolver.cpp">
      <Filter>Singleton\Internal\Physics</Filter>
    </ClCompile>
    <ClCompile Include="egPhysicsManager.cpp">
      <Filter>Singleton\Internal\Physics</Filter>
    </ClCompile>
    <ClCompile Include="egLerpManager.cpp">
      <Filter>Singleton\Internal\Physics</Filter>
    </ClCompile>
    <ClCompile Include="egMouseManager.cpp">
      <Filter>Singleton\Internal</Filter>
    </ClCompile>
    <ClCompile Include="egObserver.cpp">
      <Filter>Object</Filter>
    </ClCompile>
    <ClCompile Include="egNormalMap.cpp">
      <Filter>Resource</Filter>
    </ClCompile>
    <ClCompile Include="egSound.cpp">
      <Filter>Resource</Filter>
    </ClCompile>
    <ClCompile Include="egTexture.cpp">
      <Filter>Resource</Filter>
    </ClCompile>
    <ClCompile Include="egText.cpp">
      <Filter>Object</Filter>
    </ClCompile>
    <ClCompile Include="egLight.cpp">
      <Filter>Object</Filter>
    </ClCompile>
    <ClCompile Include="egIShader.cpp">
      <Filter>Low-level</Filter>
    </ClCompile>
    <ClCompile Include="egShadowManager.cpp">
      <Filter>Singleton\Graphics</Filter>
    </ClCompile>
    <ClCompile Include="egShader.cpp">
      <Filter>Resource</Filter>
    </ClCompile>
    <ClCompile Include="egVertexShaderInternal.cpp">
      <Filter>Resource</Filter>
    </ClCompile>
    <ClCompile Include="egActor.cpp">
      <Filter>Abstract\Actor</Filter>
    </ClCompile>
    <ClCompile Include="egEntity.cpp">
      <Filter>Abstract\Entity</Filter>
    </ClCompile>
    <ClCompile Include="egRenderable.cpp">
      <Filter>Abstract\Renderable</Filter>
    </ClCompile>
    <ClCompile Include="egCollider.cpp">
      <Filter>Component\Collider</Filter>
    </ClCompile>
    <ClCompile Include="egIStateController.cpp">
      <Filter>Component\StateController</Filter>
    </ClCompile>
    <ClCompile Include="egObserverController.cpp">
      <Filter>Component\OberserverController</Filter>
    </ClCompile>
    <ClCompile Include="egRigidbody.cpp">
      <Filter>Component\Rigidbody</Filter>
    </ClCompile>
    <ClCompile Include="egTransform.cpp">
      <Filter>Component\Transform</Filter>
    </ClCompile>
    <ClCompile Include="egCubeMesh.cpp">
      <Filter>Mesh\CubeMesh</Filter>
    </ClCompile>
    <ClCompile Include="egSphereMesh.cpp">
      <Filter>Mesh\SphereMesh</Filter>
    </ClCompile>
    <ClCompile Include="egComponent.cpp">
      <Filter>Base\Component</Filter>
    </ClCompile>
    <ClCompile Include="egLayer.cpp">
      <Filter>Base\Layer</Filter>
    </ClCompile>
    <ClCompile Include="egObject.cpp">
      <Filter>Base\Object</Filter>
    </ClCompile>
    <ClCompile Include="egResource.cpp">
      <Filter>Base\Resource</Filter>
    </ClCompile>
    <ClCompile Include="egScene.cpp">
      <Filter>Base\Scene</Filter>
    </ClCompile>
    <ClCompile Include="egWater.cpp" />
  </ItemGroup>
  <ItemGroup>
    <CopyFileToFolders Include="consolas.spritefont">
      <Filter>Resource Files</Filter>
    </CopyFileToFolders>
    <CopyFileToFolders Include="ps_color.hlsl">
      <Filter>Resource Files</Filter>
    </CopyFileToFolders>
    <CopyFileToFolders Include="ps_default.hlsl">
      <Filter>Resource Files</Filter>
    </CopyFileToFolders>
    <CopyFileToFolders Include="ps_default_nolight.hlsl">
      <Filter>Resource Files</Filter>
    </CopyFileToFolders>
    <CopyFileToFolders Include="ps_normalmap.hlsl">
      <Filter>Resource Files</Filter>
    </CopyFileToFolders>
    <CopyFileToFolders Include="ps_normalmap_specular.hlsl">
      <Filter>Resource Files</Filter>
    </CopyFileToFolders>
    <CopyFileToFolders Include="ps_sepcular_texture.hlsl">
      <Filter>Resource Files</Filter>
    </CopyFileToFolders>
    <CopyFileToFolders Include="ps_specular.hlsl">
      <Filter>Resource Files</Filter>
    </CopyFileToFolders>
    <CopyFileToFolders Include="common.hlsli">
      <Filter>Resource Files</Filter>
    </CopyFileToFolders>
    <CopyFileToFolders Include="gs_cascade_shadow_stage1.hlsl">
      <Filter>Resource Files\Shadow\stage1</Filter>
    </CopyFileToFolders>
    <CopyFileToFolders Include="ps_cascade_shadow_stage1.hlsl">
      <Filter>Resource Files\Shadow\stage1</Filter>
    </CopyFileToFolders>
    <CopyFileToFolders Include="vs_cascade_shadow_stage1.hlsl">
      <Filter>Resource Files\Shadow\stage1</Filter>
    </CopyFileToFolders>
  </ItemGroup>
  <ItemGroup>
    <FxCompile Include="ps_water.hlsl">
      <Filter>Resource Files</Filter>
    </FxCompile>
    <FxCompile Include="vs_default.hlsl">
      <Filter>Resource Files</Filter>
    </FxCompile>
  </ItemGroup>
</Project>