<?xml version="1.0" encoding="utf-8"?>
<Project ToolsVersion="4.0" xmlns="http://schemas.microsoft.com/developer/msbuild/2003">
  <ItemGroup>
    <Filter Include="Resource Files">
      <UniqueIdentifier>{67DA6AB6-F800-4c08-8B7A-83BB121AAD01}</UniqueIdentifier>
      <Extensions>rc;ico;cur;bmp;dlg;rc2;rct;bin;rgs;gif;jpg;jpeg;jpe;resx;tiff;tif;png;wav;mfcribbon-ms</Extensions>
    </Filter>
    <Filter Include="Low-level">
      <UniqueIdentifier>{0d869fbc-e6b1-4abc-a44d-7e7424318d7f}</UniqueIdentifier>
    </Filter>
    <Filter Include="Abstract">
      <UniqueIdentifier>{ee6b8ed6-3103-45ae-90c4-0b6aece09279}</UniqueIdentifier>
    </Filter>
    <Filter Include="Scene">
      <UniqueIdentifier>{c8204c1e-d021-47e5-8bec-7277cb9c93c7}</UniqueIdentifier>
    </Filter>
    <Filter Include="Component">
      <UniqueIdentifier>{738eaf93-14fb-42d1-95d8-2fa14b0ee474}</UniqueIdentifier>
    </Filter>
    <Filter Include="Object">
      <UniqueIdentifier>{1b658a79-7504-48f0-9286-d5ab9fbc195f}</UniqueIdentifier>
    </Filter>
    <Filter Include="Resource">
      <UniqueIdentifier>{5de112d7-ea49-4bdf-807e-cf05f2b180ec}</UniqueIdentifier>
    </Filter>
    <Filter Include="Low-level\Interface">
      <UniqueIdentifier>{e529c217-db97-4f70-9d7c-d390e06af610}</UniqueIdentifier>
    </Filter>
    <Filter Include="Common">
      <UniqueIdentifier>{2a1a57a7-cb69-4a5e-91ca-b592e3bdd8f2}</UniqueIdentifier>
    </Filter>
    <Filter Include="Singleton">
      <UniqueIdentifier>{2919f7ab-a0cb-4d02-af65-02d0dc35dc2d}</UniqueIdentifier>
    </Filter>
    <Filter Include="Singleton\Internal">
      <UniqueIdentifier>{ab92eb7c-bda8-4afb-8694-517c2da2267c}</UniqueIdentifier>
    </Filter>
    <Filter Include="Singleton\Graphics">
      <UniqueIdentifier>{d9353498-ccbd-4680-9920-5c2d0fe19bcb}</UniqueIdentifier>
    </Filter>
    <Filter Include="Physics">
      <UniqueIdentifier>{3fd363a3-2336-44b5-b71c-8dacd0ec5a8e}</UniqueIdentifier>
    </Filter>
    <Filter Include="Math">
      <UniqueIdentifier>{8ee7f0e6-8819-4a8d-add7-41905cfc04be}</UniqueIdentifier>
    </Filter>
    <Filter Include="Mesh">
      <UniqueIdentifier>{258c4e9f-9245-457a-b6dc-021cb9bee28b}</UniqueIdentifier>
    </Filter>
  </ItemGroup>
  <ItemGroup>
    <ClInclude Include="framework.h" />
    <ClInclude Include="pch.hpp" />
    <ClInclude Include="egEntity.hpp">
      <Filter>Abstract</Filter>
    </ClInclude>
    <ClInclude Include="egRenderable.hpp">
      <Filter>Abstract</Filter>
    </ClInclude>
    <ClInclude Include="egScene.hpp">
      <Filter>Scene</Filter>
    </ClInclude>
    <ClInclude Include="egManager.hpp">
      <Filter>Abstract</Filter>
    </ClInclude>
    <ClInclude Include="egVertexShader.hpp">
      <Filter>Low-level</Filter>
    </ClInclude>
    <ClInclude Include="egObject.hpp">
      <Filter>Abstract</Filter>
    </ClInclude>
    <ClInclude Include="egComponent.hpp">
      <Filter>Abstract</Filter>
    </ClInclude>
    <ClInclude Include="egTransform.hpp">
      <Filter>Component</Filter>
    </ClInclude>
    <ClInclude Include="egCamera.hpp">
      <Filter>Object</Filter>
    </ClInclude>
    <ClInclude Include="egResource.hpp">
      <Filter>Abstract</Filter>
    </ClInclude>
    <ClInclude Include="egMesh.hpp">
      <Filter>Resource</Filter>
    </ClInclude>
    <ClInclude Include="egTexture.hpp">
      <Filter>Resource</Filter>
    </ClInclude>
    <ClInclude Include="egIShader.hpp">
      <Filter>Low-level\Interface</Filter>
    </ClInclude>
    <ClInclude Include="egShader.hpp">
      <Filter>Low-level</Filter>
    </ClInclude>
    <ClInclude Include="StepTimer.hpp" />
    <ClInclude Include="egLight.hpp">
      <Filter>Object</Filter>
    </ClInclude>
    <ClInclude Include="egLayer.hpp">
      <Filter>Scene</Filter>
    </ClInclude>
    <ClInclude Include="egCommon.hpp">
      <Filter>Common</Filter>
    </ClInclude>
    <ClInclude Include="egHelper.hpp">
      <Filter>Common</Filter>
    </ClInclude>
    <ClInclude Include="egFont.hpp">
      <Filter>Resource</Filter>
    </ClInclude>
    <ClInclude Include="egCollider.hpp">
      <Filter>Component</Filter>
    </ClInclude>
    <ClInclude Include="egRigidbody.hpp">
      <Filter>Component</Filter>
    </ClInclude>
    <ClInclude Include="egNormalMap.hpp">
      <Filter>Resource</Filter>
    </ClInclude>
    <ClInclude Include="egText.hpp">
      <Filter>Object</Filter>
    </ClInclude>
    <ClInclude Include="egApplication.hpp">
      <Filter>Singleton</Filter>
    </ClInclude>
    <ClInclude Include="egCollisionDetector.hpp">
      <Filter>Singleton\Internal</Filter>
    </ClInclude>
    <ClInclude Include="egProjectionFrustum.hpp">
      <Filter>Singleton\Internal</Filter>
    </ClInclude>
    <ClInclude Include="egResourceManager.hpp">
      <Filter>Singleton\Internal</Filter>
    </ClInclude>
    <ClInclude Include="egSceneManager.hpp">
      <Filter>Singleton\Internal</Filter>
    </ClInclude>
    <ClInclude Include="egRenderPipeline.hpp">
      <Filter>Singleton\Graphics</Filter>
    </ClInclude>
    <ClInclude Include="egD3Device.hpp">
      <Filter>Singleton\Graphics</Filter>
    </ClInclude>
    <ClInclude Include="egDXCommon.h">
      <Filter>Common</Filter>
    </ClInclude>
    <ClInclude Include="egManagerHelper.hpp">
      <Filter>Singleton</Filter>
    </ClInclude>
    <ClInclude Include="egPhysics.h">
      <Filter>Physics</Filter>
    </ClInclude>
    <ClInclude Include="egCollision.h">
      <Filter>Physics</Filter>
    </ClInclude>
    <ClInclude Include="egElastic.h">
      <Filter>Physics</Filter>
    </ClInclude>
    <ClInclude Include="egKinetic.h">
      <Filter>Physics</Filter>
    </ClInclude>
    <ClInclude Include="egTransformLerpManager.hpp">
      <Filter>Singleton\Internal</Filter>
    </ClInclude>
    <ClInclude Include="egPhysicsManager.hpp">
      <Filter>Singleton\Internal</Filter>
    </ClInclude>
    <ClInclude Include="egFriction.h">
      <Filter>Physics</Filter>
    </ClInclude>
    <ClInclude Include="egToolkitAPI.hpp">
      <Filter>Singleton\Graphics</Filter>
    </ClInclude>
    <ClInclude Include="egConstraintSolver.hpp">
      <Filter>Singleton\Internal</Filter>
    </ClInclude>
    <ClInclude Include="egType.hpp">
      <Filter>Common</Filter>
    </ClInclude>
    <ClInclude Include="egTaskScheduler.hpp">
      <Filter>Singleton\Internal</Filter>
    </ClInclude>
    <ClInclude Include="egDebugger.hpp">
      <Filter>Singleton\Internal</Filter>
    </ClInclude>
    <ClInclude Include="egDebugObject.hpp">
      <Filter>Object</Filter>
    </ClInclude>
    <ClInclude Include="egCubeMesh.hpp">
      <Filter>Mesh</Filter>
    </ClInclude>
    <ClInclude Include="egSphereMesh.hpp">
      <Filter>Mesh</Filter>
    </ClInclude>
  </ItemGroup>
  <ItemGroup>
    <None Include="packages.config" />
  </ItemGroup>
  <ItemGroup>
    <ClCompile Include="egCamera.cpp">
      <Filter>Object</Filter>
    </ClCompile>
    <ClCompile Include="egShader.cpp">
      <Filter>Low-level</Filter>
    </ClCompile>
    <ClCompile Include="egCollider.cpp">
      <Filter>Component</Filter>
    </ClCompile>
    <ClCompile Include="egObject.cpp">
      <Filter>Abstract</Filter>
    </ClCompile>
    <ClCompile Include="egMesh.cpp">
      <Filter>Resource</Filter>
    </ClCompile>
    <ClCompile Include="egApplication.cpp">
      <Filter>Singleton</Filter>
    </ClCompile>
    <ClCompile Include="egD3Device.cpp">
      <Filter>Singleton\Graphics</Filter>
    </ClCompile>
    <ClCompile Include="egRenderPipeline.cpp">
      <Filter>Singleton\Graphics</Filter>
    </ClCompile>
    <ClCompile Include="egIShader.cpp">
      <Filter>Low-level\Interface</Filter>
    </ClCompile>
    <ClCompile Include="egTransform.cpp">
      <Filter>Component</Filter>
    </ClCompile>
    <ClCompile Include="egFont.cpp">
      <Filter>Resource</Filter>
    </ClCompile>
    <ClCompile Include="egKinetic.cpp">
      <Filter>Physics</Filter>
    </ClCompile>
    <ClCompile Include="egElastic.cpp">
      <Filter>Physics</Filter>
    </ClCompile>
    <ClCompile Include="egFriction.cpp">
      <Filter>Physics</Filter>
    </ClCompile>
    <ClCompile Include="egCollisionDetector.cpp">
      <Filter>Singleton\Internal</Filter>
    </ClCompile>
    <ClCompile Include="egRigidbody.cpp">
      <Filter>Component</Filter>
    </ClCompile>
    <ClCompile Include="egGravity.cpp">
      <Filter>Physics</Filter>
    </ClCompile>
    <ClCompile Include="egCollision.cpp">
      <Filter>Physics</Filter>
    </ClCompile>
    <ClCompile Include="egPhysicsManager.cpp">
      <Filter>Singleton\Internal</Filter>
    </ClCompile>
    <ClCompile Include="egConstraintSolver.cpp">
      <Filter>Singleton\Internal</Filter>
    </ClCompile>
    <ClCompile Include="egTransfromLerpManager.cpp">
      <Filter>Singleton\Internal</Filter>
    </ClCompile>
    <ClCompile Include="egScene.cpp">
      <Filter>Scene</Filter>
    </ClCompile>
  </ItemGroup>
  <ItemGroup>
    <CopyFileToFolders Include="consolas.spritefont">
      <Filter>Resource Files</Filter>
    </CopyFileToFolders>
    <CopyFileToFolders Include="ps_color.hlsl">
      <Filter>Resource Files</Filter>
    </CopyFileToFolders>
    <CopyFileToFolders Include="ps_default.hlsl">
      <Filter>Resource Files</Filter>
    </CopyFileToFolders>
    <CopyFileToFolders Include="ps_default_nolight.hlsl">
      <Filter>Resource Files</Filter>
    </CopyFileToFolders>
    <CopyFileToFolders Include="ps_metalic.hlsl">
      <Filter>Resource Files</Filter>
    </CopyFileToFolders>
    <CopyFileToFolders Include="ps_metalic_texture.hlsl">
      <Filter>Resource Files</Filter>
    </CopyFileToFolders>
    <CopyFileToFolders Include="ps_normalmap.hlsl">
      <Filter>Resource Files</Filter>
    </CopyFileToFolders>
    <CopyFileToFolders Include="ps_normalmap_metalic.hlsl">
      <Filter>Resource Files</Filter>
    </CopyFileToFolders>
    <CopyFileToFolders Include="vs_default.hlsl">
      <Filter>Resource Files</Filter>
    </CopyFileToFolders>
  </ItemGroup>
</Project>