<?xml version="1.0" encoding="utf-8"?>
<Project ToolsVersion="4.0" xmlns="http://schemas.microsoft.com/developer/msbuild/2003">
  <ItemGroup>
    <Filter Include="Resource Files">
      <UniqueIdentifier>{67DA6AB6-F800-4c08-8B7A-83BB121AAD01}</UniqueIdentifier>
      <Extensions>rc;ico;cur;bmp;dlg;rc2;rct;bin;rgs;gif;jpg;jpeg;jpe;resx;tiff;tif;png;wav;mfcribbon-ms</Extensions>
    </Filter>
    <Filter Include="Application">
      <UniqueIdentifier>{b6856912-57d3-4d6f-b851-90444edaff0e}</UniqueIdentifier>
    </Filter>
    <Filter Include="Low-level">
      <UniqueIdentifier>{0d869fbc-e6b1-4abc-a44d-7e7424318d7f}</UniqueIdentifier>
    </Filter>
    <Filter Include="Abstract">
      <UniqueIdentifier>{ee6b8ed6-3103-45ae-90c4-0b6aece09279}</UniqueIdentifier>
    </Filter>
    <Filter Include="Scene">
      <UniqueIdentifier>{c8204c1e-d021-47e5-8bec-7277cb9c93c7}</UniqueIdentifier>
    </Filter>
    <Filter Include="Component">
      <UniqueIdentifier>{738eaf93-14fb-42d1-95d8-2fa14b0ee474}</UniqueIdentifier>
    </Filter>
    <Filter Include="Object">
      <UniqueIdentifier>{1b658a79-7504-48f0-9286-d5ab9fbc195f}</UniqueIdentifier>
    </Filter>
    <Filter Include="Resource">
      <UniqueIdentifier>{5de112d7-ea49-4bdf-807e-cf05f2b180ec}</UniqueIdentifier>
    </Filter>
    <Filter Include="Low-level\Interface">
      <UniqueIdentifier>{e529c217-db97-4f70-9d7c-d390e06af610}</UniqueIdentifier>
    </Filter>
    <Filter Include="Manager">
      <UniqueIdentifier>{2919f7ab-a0cb-4d02-af65-02d0dc35dc2d}</UniqueIdentifier>
    </Filter>
    <Filter Include="Common">
      <UniqueIdentifier>{2a1a57a7-cb69-4a5e-91ca-b592e3bdd8f2}</UniqueIdentifier>
    </Filter>
    <Filter Include="Low-level\API">
      <UniqueIdentifier>{7c04419b-49ad-4b32-aa80-1a3bce2f11f8}</UniqueIdentifier>
    </Filter>
    <Filter Include="Low-level\DirectX">
      <UniqueIdentifier>{6650a2f9-e734-4213-83db-84b7b8266b1d}</UniqueIdentifier>
    </Filter>
  </ItemGroup>
  <ItemGroup>
    <ClInclude Include="framework.h" />
    <ClInclude Include="pch.hpp" />
    <ClInclude Include="egApplication.hpp">
      <Filter>Application</Filter>
    </ClInclude>
    <ClInclude Include="egEntity.hpp">
      <Filter>Abstract</Filter>
    </ClInclude>
    <ClInclude Include="egRenderable.hpp">
      <Filter>Abstract</Filter>
    </ClInclude>
    <ClInclude Include="egScene.hpp">
      <Filter>Scene</Filter>
    </ClInclude>
    <ClInclude Include="egManager.hpp">
      <Filter>Abstract</Filter>
    </ClInclude>
    <ClInclude Include="egVertexShader.hpp">
      <Filter>Low-level</Filter>
    </ClInclude>
    <ClInclude Include="egObject.hpp">
      <Filter>Abstract</Filter>
    </ClInclude>
    <ClInclude Include="egComponent.hpp">
      <Filter>Abstract</Filter>
    </ClInclude>
    <ClInclude Include="egTransform.hpp">
      <Filter>Component</Filter>
    </ClInclude>
    <ClInclude Include="egCamera.hpp">
      <Filter>Object</Filter>
    </ClInclude>
    <ClInclude Include="egResource.hpp">
      <Filter>Abstract</Filter>
    </ClInclude>
    <ClInclude Include="egMesh.hpp">
      <Filter>Resource</Filter>
    </ClInclude>
    <ClInclude Include="egTexture.hpp">
      <Filter>Resource</Filter>
    </ClInclude>
    <ClInclude Include="egIShader.hpp">
      <Filter>Low-level\Interface</Filter>
    </ClInclude>
    <ClInclude Include="egShader.hpp">
      <Filter>Low-level</Filter>
    </ClInclude>
    <ClInclude Include="StepTimer.hpp" />
    <ClInclude Include="egResourceManager.hpp">
      <Filter>Manager</Filter>
    </ClInclude>
    <ClInclude Include="egSceneManager.hpp">
      <Filter>Manager</Filter>
    </ClInclude>
    <ClInclude Include="egManagerHelper.hpp">
      <Filter>Manager</Filter>
    </ClInclude>
    <ClInclude Include="egLight.hpp">
      <Filter>Object</Filter>
    </ClInclude>
    <ClInclude Include="egLayer.hpp">
      <Filter>Scene</Filter>
    </ClInclude>
    <ClInclude Include="egCommon.hpp">
      <Filter>Common</Filter>
    </ClInclude>
    <ClInclude Include="egHelper.hpp">
      <Filter>Common</Filter>
    </ClInclude>
    <ClInclude Include="egToolkitAPI.hpp">
      <Filter>Low-level\API</Filter>
    </ClInclude>
    <ClInclude Include="egD3Device.hpp">
      <Filter>Low-level\DirectX</Filter>
    </ClInclude>
    <ClInclude Include="egRenderPipeline.hpp">
      <Filter>Low-level\DirectX</Filter>
    </ClInclude>
    <ClInclude Include="egFont.hpp">
      <Filter>Resource</Filter>
    </ClInclude>
    <ClInclude Include="egCollider.hpp">
      <Filter>Component</Filter>
    </ClInclude>
    <ClInclude Include="egCollisionManager.hpp">
      <Filter>Manager</Filter>
    </ClInclude>
  </ItemGroup>
  <ItemGroup>
    <None Include="packages.config" />
    <None Include="consolas.spritefont">
      <Filter>Resource Files</Filter>
    </None>
  </ItemGroup>
  <ItemGroup>
    <ClCompile Include="egApplication.cpp">
      <Filter>Application</Filter>
    </ClCompile>
    <ClCompile Include="egCamera.cpp">
      <Filter>Object</Filter>
    </ClCompile>
    <ClCompile Include="egRenderPipeline.cpp">
      <Filter>Low-level\DirectX</Filter>
    </ClCompile>
    <ClCompile Include="egD3Device.cpp">
      <Filter>Low-level\DirectX</Filter>
    </ClCompile>
    <ClCompile Include="egShader.cpp">
      <Filter>Low-level</Filter>
    </ClCompile>
    <ClCompile Include="egCollider.cpp">
      <Filter>Component</Filter>
    </ClCompile>
    <ClCompile Include="egObject.cpp">
      <Filter>Abstract</Filter>
    </ClCompile>
  </ItemGroup>
  <ItemGroup>
    <CopyFileToFolders Include="ps_default.hlsl">
      <Filter>Resource Files</Filter>
    </CopyFileToFolders>
    <CopyFileToFolders Include="vs_default.hlsl">
      <Filter>Resource Files</Filter>
    </CopyFileToFolders>
  </ItemGroup>
</Project>