
Microsoft Visual Studio Solution File, Format Version 12.00
# Visual Studio Version 17
VisualStudioVersion = 17.7.34031.279
MinimumVisualStudioVersion = 10.0.40219.1
Project("{8BC9CEB8-8B4A-11D0-8D11-00A0C91BC942}") = "Engine", "..\Engine\Engine.vcxproj", "{8E154F61-E984-4491-9894-7665EC2D18F9}"
EndProject
Project("{8BC9CEB8-8B4A-11D0-8D11-00A0C91BC942}") = "Window", "..\Window\Window.vcxproj", "{2181C64A-D09C-4CD0-AA59-7EF53399AF82}"
EndProject
Project("{8BC9CEB8-8B4A-11D0-8D11-00A0C91BC942}") = "Client", "..\Client\Client.vcxproj", "{8F17EB0B-FD49-4998-92EA-E1052985777B}"
EndProject
Project("{8BC9CEB8-8B4A-11D0-8D11-00A0C91BC942}") = "fmod", "fmod\fmod.vcxitems", "{70BEAC34-4AB1-485A-AFB7-81F047D85BFE}"
EndProject
Project("{8BC9CEB8-8B4A-11D0-8D11-00A0C91BC942}") = "imgui", "imgui\imgui.vcxitems", "{B06DEDD4-4E9B-43C2-9E80-D3D135CD61E5}"
EndProject
Project("{2150E333-8FDC-42A3-9474-1A3956D46DE8}") = "Libraries", "Libraries", "{B44B161C-8E72-49C0-A57D-37A1319FA4E7}"
EndProject
Project("{8BC9CEB8-8B4A-11D0-8D11-00A0C91BC942}") = "pugixml_vs2022", "pugixml\scripts\pugixml_vs2022.vcxproj", "{833DE85D-15EA-4878-8804-549B1A9CF243}"
EndProject
Global
	GlobalSection(SolutionConfigurationPlatforms) = preSolution
		Debug|x64 = Debug|x64
		Debug|x86 = Debug|x86
		Release|x64 = Release|x64
		Release|x86 = Release|x86
	EndGlobalSection
	GlobalSection(ProjectConfigurationPlatforms) = postSolution
		{8E154F61-E984-4491-9894-7665EC2D18F9}.Debug|x64.ActiveCfg = Debug|x64
		{8E154F61-E984-4491-9894-7665EC2D18F9}.Debug|x64.Build.0 = Debug|x64
		{8E154F61-E984-4491-9894-7665EC2D18F9}.Debug|x86.ActiveCfg = Debug|Win32
		{8E154F61-E984-4491-9894-7665EC2D18F9}.Debug|x86.Build.0 = Debug|Win32
		{8E154F61-E984-4491-9894-7665EC2D18F9}.Release|x64.ActiveCfg = Release|x64
		{8E154F61-E984-4491-9894-7665EC2D18F9}.Release|x64.Build.0 = Release|x64
		{8E154F61-E984-4491-9894-7665EC2D18F9}.Release|x86.ActiveCfg = Release|Win32
		{8E154F61-E984-4491-9894-7665EC2D18F9}.Release|x86.Build.0 = Release|Win32
		{2181C64A-D09C-4CD0-AA59-7EF53399AF82}.Debug|x64.ActiveCfg = Debug|x64
		{2181C64A-D09C-4CD0-AA59-7EF53399AF82}.Debug|x64.Build.0 = Debug|x64
		{2181C64A-D09C-4CD0-AA59-7EF53399AF82}.Debug|x86.ActiveCfg = Debug|Win32
		{2181C64A-D09C-4CD0-AA59-7EF53399AF82}.Debug|x86.Build.0 = Debug|Win32
		{2181C64A-D09C-4CD0-AA59-7EF53399AF82}.Release|x64.ActiveCfg = Release|x64
		{2181C64A-D09C-4CD0-AA59-7EF53399AF82}.Release|x64.Build.0 = Release|x64
		{2181C64A-D09C-4CD0-AA59-7EF53399AF82}.Release|x86.ActiveCfg = Release|Win32
		{2181C64A-D09C-4CD0-AA59-7EF53399AF82}.Release|x86.Build.0 = Release|Win32
		{8F17EB0B-FD49-4998-92EA-E1052985777B}.Debug|x64.ActiveCfg = Debug|x64
		{8F17EB0B-FD49-4998-92EA-E1052985777B}.Debug|x64.Build.0 = Debug|x64
		{8F17EB0B-FD49-4998-92EA-E1052985777B}.Debug|x86.ActiveCfg = Debug|Win32
		{8F17EB0B-FD49-4998-92EA-E1052985777B}.Debug|x86.Build.0 = Debug|Win32
		{8F17EB0B-FD49-4998-92EA-E1052985777B}.Release|x64.ActiveCfg = Release|x64
		{8F17EB0B-FD49-4998-92EA-E1052985777B}.Release|x64.Build.0 = Release|x64
		{8F17EB0B-FD49-4998-92EA-E1052985777B}.Release|x86.ActiveCfg = Release|Win32
		{8F17EB0B-FD49-4998-92EA-E1052985777B}.Release|x86.Build.0 = Release|Win32
		{833DE85D-15EA-4878-8804-549B1A9CF243}.Debug|x64.ActiveCfg = Debug|x64
		{833DE85D-15EA-4878-8804-549B1A9CF243}.Debug|x64.Build.0 = Debug|x64
		{833DE85D-15EA-4878-8804-549B1A9CF243}.Debug|x86.ActiveCfg = Debug|Win32
		{833DE85D-15EA-4878-8804-549B1A9CF243}.Debug|x86.Build.0 = Debug|Win32
		{833DE85D-15EA-4878-8804-549B1A9CF243}.Release|x64.ActiveCfg = Release|x64
		{833DE85D-15EA-4878-8804-549B1A9CF243}.Release|x64.Build.0 = Release|x64
		{833DE85D-15EA-4878-8804-549B1A9CF243}.Release|x86.ActiveCfg = Release|Win32
		{833DE85D-15EA-4878-8804-549B1A9CF243}.Release|x86.Build.0 = Release|Win32
	EndGlobalSection
	GlobalSection(SolutionProperties) = preSolution
		HideSolutionNode = FALSE
	EndGlobalSection
	GlobalSection(NestedProjects) = preSolution
		{70BEAC34-4AB1-485A-AFB7-81F047D85BFE} = {B44B161C-8E72-49C0-A57D-37A1319FA4E7}
		{B06DEDD4-4E9B-43C2-9E80-D3D135CD61E5} = {B44B161C-8E72-49C0-A57D-37A1319FA4E7}
		{833DE85D-15EA-4878-8804-549B1A9CF243} = {B44B161C-8E72-49C0-A57D-37A1319FA4E7}
	EndGlobalSection
	GlobalSection(ExtensibilityGlobals) = postSolution
		SolutionGuid = {036DBBA2-0644-447C-AAAB-F0A347C22A16}
	EndGlobalSection
	GlobalSection(SharedMSBuildProjectFiles) = preSolution
		fmod\fmod.vcxitems*{2181c64a-d09c-4cd0-aa59-7ef53399af82}*SharedItemsImports = 4
		fmod\fmod.vcxitems*{70beac34-4ab1-485a-afb7-81f047d85bfe}*SharedItemsImports = 9
		fmod\fmod.vcxitems*{8e154f61-e984-4491-9894-7665ec2d18f9}*SharedItemsImports = 4
		imgui\imgui.vcxitems*{8e154f61-e984-4491-9894-7665ec2d18f9}*SharedItemsImports = 4
		imgui\imgui.vcxitems*{b06dedd4-4e9b-43c2-9e80-d3d135cd61e5}*SharedItemsImports = 9
	EndGlobalSection
EndGlobal
