<?xml version="1.0" encoding="utf-8"?>
<Project ToolsVersion="4.0" xmlns="http://schemas.microsoft.com/developer/msbuild/2003">
  <ItemGroup>
    <Filter Include="x64">
      <UniqueIdentifier>{5629abd9-9137-4f4d-9f4e-7d8bcb9c79ab}</UniqueIdentifier>
    </Filter>
    <Filter Include="x64\debug">
      <UniqueIdentifier>{312f166c-54c5-4532-85ca-a03f4c85251f}</UniqueIdentifier>
    </Filter>
    <Filter Include="x64\release">
      <UniqueIdentifier>{91a12dec-4f65-48df-a543-7c50c23ffaf6}</UniqueIdentifier>
    </Filter>
  </ItemGroup>
  <ItemGroup>
    <Library Include="$(MSBuildThisFileDirectory)x64\debug\libfbxsdk-md.lib">
      <Filter>x64\debug</Filter>
    </Library>
    <Library Include="$(MSBuildThisFileDirectory)x64\debug\libxml2-md.lib">
      <Filter>x64\debug</Filter>
    </Library>
    <Library Include="$(MSBuildThisFileDirectory)x64\debug\zlib-md.lib">
      <Filter>x64\debug</Filter>
    </Library>
    <Library Include="$(MSBuildThisFileDirectory)x64\release\libfbxsdk-md.lib">
      <Filter>x64\release</Filter>
    </Library>
    <Library Include="$(MSBuildThisFileDirectory)x64\release\libxml2-md.lib">
      <Filter>x64\release</Filter>
    </Library>
    <Library Include="$(MSBuildThisFileDirectory)x64\release\zlib-md.lib">
      <Filter>x64\release</Filter>
    </Library>
  </ItemGroup>
  <ItemGroup>
    <ClInclude Include="$(MSBuildThisFileDirectory)fbxsdk.h" />
  </ItemGroup>
  <ItemGroup>
    <CopyFileToFolders Include="$(MSBuildThisFileDirectory)x64\debug\libfbxsdk.dll">
      <Filter>x64\debug</Filter>
    </CopyFileToFolders>
    <CopyFileToFolders Include="$(MSBuildThisFileDirectory)x64\release\libfbxsdk.dll">
      <Filter>x64\release</Filter>
    </CopyFileToFolders>
  </ItemGroup>
</Project>